// !$*UTF8*$!
{
	archiveVersion = 1;
	classes = {
	};
	objectVersion = 46;
	objects = {

/* Begin PBXBuildFile section */
		28997D1E1BA7E2BB00DDB7F0 /* main.m in Sources */ = {isa = PBXBuildFile; fileRef = 28997D1D1BA7E2BB00DDB7F0 /* main.m */; };
		28997D211BA7E2BB00DDB7F0 /* AppDelegate.m in Sources */ = {isa = PBXBuildFile; fileRef = 28997D201BA7E2BB00DDB7F0 /* AppDelegate.m */; };
		28997D241BA7E2BB00DDB7F0 /* ViewController.m in Sources */ = {isa = PBXBuildFile; fileRef = 28997D231BA7E2BB00DDB7F0 /* ViewController.m */; };
		28997D271BA7E2BB00DDB7F0 /* Main.storyboard in Resources */ = {isa = PBXBuildFile; fileRef = 28997D251BA7E2BB00DDB7F0 /* Main.storyboard */; };
		28997D291BA7E2BB00DDB7F0 /* Images.xcassets in Resources */ = {isa = PBXBuildFile; fileRef = 28997D281BA7E2BB00DDB7F0 /* Images.xcassets */; };
		28997D2C1BA7E2BB00DDB7F0 /* LaunchScreen.xib in Resources */ = {isa = PBXBuildFile; fileRef = 28997D2A1BA7E2BB00DDB7F0 /* LaunchScreen.xib */; };
		28997D381BA7E2BB00DDB7F0 /* _23456543213456432Tests.m in Sources */ = {isa = PBXBuildFile; fileRef = 28997D371BA7E2BB00DDB7F0 /* _23456543213456432Tests.m */; };
		28997D421BA7E2FA00DDB7F0 /* AlipaySDK.framework in Frameworks */ = {isa = PBXBuildFile; fileRef = 28997D411BA7E2FA00DDB7F0 /* AlipaySDK.framework */; };
		28997D441BA7E2FE00DDB7F0 /* AlipaySDK.bundle in Resources */ = {isa = PBXBuildFile; fileRef = 28997D431BA7E2FE00DDB7F0 /* AlipaySDK.bundle */; };
		28997D461BA7E39A00DDB7F0 /* libz.dylib in Frameworks */ = {isa = PBXBuildFile; fileRef = 28997D451BA7E39A00DDB7F0 /* libz.dylib */; };
		28997D481BA7E3A700DDB7F0 /* SystemConfiguration.framework in Frameworks */ = {isa = PBXBuildFile; fileRef = 28997D471BA7E3A700DDB7F0 /* SystemConfiguration.framework */; };
		28997D4B1BA7E3BB00DDB7F0 /* CoreTelephony.framework in Frameworks */ = {isa = PBXBuildFile; fileRef = 28997D491BA7E3BB00DDB7F0 /* CoreTelephony.framework */; };
		28997D4C1BA7E3BB00DDB7F0 /* CoreText.framework in Frameworks */ = {isa = PBXBuildFile; fileRef = 28997D4A1BA7E3BB00DDB7F0 /* CoreText.framework */; };
		28997D4E1BA7E3C700DDB7F0 /* QuartzCore.framework in Frameworks */ = {isa = PBXBuildFile; fileRef = 28997D4D1BA7E3C700DDB7F0 /* QuartzCore.framework */; };
		28997D501BA7E3D300DDB7F0 /* CoreGraphics.framework in Frameworks */ = {isa = PBXBuildFile; fileRef = 28997D4F1BA7E3D300DDB7F0 /* CoreGraphics.framework */; };
		28997D521BA7E3E300DDB7F0 /* UIKit.framework in Frameworks */ = {isa = PBXBuildFile; fileRef = 28997D511BA7E3E300DDB7F0 /* UIKit.framework */; };
		28997D541BA7E3EE00DDB7F0 /* Foundation.framework in Frameworks */ = {isa = PBXBuildFile; fileRef = 28997D531BA7E3EE00DDB7F0 /* Foundation.framework */; };
		28997D571BA7E42700DDB7F0 /* Order.m in Sources */ = {isa = PBXBuildFile; fileRef = 28997D561BA7E42700DDB7F0 /* Order.m */; };
		28997DBA1BA7E5B800DDB7F0 /* base64.m in Sources */ = {isa = PBXBuildFile; fileRef = 28997DAA1BA7E5B800DDB7F0 /* base64.m */; };
		28997DBB1BA7E5B800DDB7F0 /* DataSigner.m in Sources */ = {isa = PBXBuildFile; fileRef = 28997DAD1BA7E5B800DDB7F0 /* DataSigner.m */; };
		28997DBC1BA7E5B800DDB7F0 /* DataVerifier.m in Sources */ = {isa = PBXBuildFile; fileRef = 28997DAF1BA7E5B800DDB7F0 /* DataVerifier.m */; };
		28997DBD1BA7E5B800DDB7F0 /* MD5DataSigner.m in Sources */ = {isa = PBXBuildFile; fileRef = 28997DB11BA7E5B800DDB7F0 /* MD5DataSigner.m */; };
		28997DBE1BA7E5B800DDB7F0 /* NSDataEx.m in Sources */ = {isa = PBXBuildFile; fileRef = 28997DB31BA7E5B800DDB7F0 /* NSDataEx.m */; };
		28997DBF1BA7E5B800DDB7F0 /* openssl_wrapper.m in Sources */ = {isa = PBXBuildFile; fileRef = 28997DB51BA7E5B800DDB7F0 /* openssl_wrapper.m */; };
		28997DC01BA7E5B800DDB7F0 /* RSADataSigner.m in Sources */ = {isa = PBXBuildFile; fileRef = 28997DB71BA7E5B800DDB7F0 /* RSADataSigner.m */; };
		28997DC11BA7E5B800DDB7F0 /* RSADataVerifier.m in Sources */ = {isa = PBXBuildFile; fileRef = 28997DB91BA7E5B800DDB7F0 /* RSADataVerifier.m */; };
		4C5EADCC1C2CD111004A2FFA /* APAuthV2Info.m in Sources */ = {isa = PBXBuildFile; fileRef = 4C5EADC91C2CD111004A2FFA /* APAuthV2Info.m */; };
		4C5EADCD1C2CD111004A2FFA /* libcrypto.a in Frameworks */ = {isa = PBXBuildFile; fileRef = 4C5EADCA1C2CD111004A2FFA /* libcrypto.a */; };
		4C5EADCE1C2CD111004A2FFA /* libssl.a in Frameworks */ = {isa = PBXBuildFile; fileRef = 4C5EADCB1C2CD111004A2FFA /* libssl.a */; };
/* End PBXBuildFile section */

/* Begin PBXContainerItemProxy section */
		28997D321BA7E2BB00DDB7F0 /* PBXContainerItemProxy */ = {
			isa = PBXContainerItemProxy;
			containerPortal = 28997D101BA7E2BB00DDB7F0 /* Project object */;
			proxyType = 1;
			remoteGlobalIDString = 28997D171BA7E2BB00DDB7F0;
			remoteInfo = 123456543213456432;
		};
/* End PBXContainerItemProxy section */

/* Begin PBXFileReference section */
		28997D181BA7E2BB00DDB7F0 /* 123456543213456432.app */ = {isa = PBXFileReference; explicitFileType = wrapper.application; includeInIndex = 0; path = 123456543213456432.app; sourceTree = BUILT_PRODUCTS_DIR; };
		28997D1C1BA7E2BB00DDB7F0 /* Info.plist */ = {isa = PBXFileReference; lastKnownFileType = text.plist.xml; path = Info.plist; sourceTree = "<group>"; };
		28997D1D1BA7E2BB00DDB7F0 /* main.m */ = {isa = PBXFileReference; lastKnownFileType = sourcecode.c.objc; path = main.m; sourceTree = "<group>"; };
		28997D1F1BA7E2BB00DDB7F0 /* AppDelegate.h */ = {isa = PBXFileReference; lastKnownFileType = sourcecode.c.h; path = AppDelegate.h; sourceTree = "<group>"; };
		28997D201BA7E2BB00DDB7F0 /* AppDelegate.m */ = {isa = PBXFileReference; lastKnownFileType = sourcecode.c.objc; path = AppDelegate.m; sourceTree = "<group>"; };
		28997D221BA7E2BB00DDB7F0 /* ViewController.h */ = {isa = PBXFileReference; lastKnownFileType = sourcecode.c.h; path = ViewController.h; sourceTree = "<group>"; };
		28997D231BA7E2BB00DDB7F0 /* ViewController.m */ = {isa = PBXFileReference; lastKnownFileType = sourcecode.c.objc; path = ViewController.m; sourceTree = "<group>"; };
		28997D261BA7E2BB00DDB7F0 /* Base */ = {isa = PBXFileReference; lastKnownFileType = file.storyboard; name = Base; path = Base.lproj/Main.storyboard; sourceTree = "<group>"; };
		28997D281BA7E2BB00DDB7F0 /* Images.xcassets */ = {isa = PBXFileReference; lastKnownFileType = folder.assetcatalog; path = Images.xcassets; sourceTree = "<group>"; };
		28997D2B1BA7E2BB00DDB7F0 /* Base */ = {isa = PBXFileReference; lastKnownFileType = file.xib; name = Base; path = Base.lproj/LaunchScreen.xib; sourceTree = "<group>"; };
		28997D311BA7E2BB00DDB7F0 /* 123456543213456432Tests.xctest */ = {isa = PBXFileReference; explicitFileType = wrapper.cfbundle; includeInIndex = 0; path = 123456543213456432Tests.xctest; sourceTree = BUILT_PRODUCTS_DIR; };
		28997D361BA7E2BB00DDB7F0 /* Info.plist */ = {isa = PBXFileReference; lastKnownFileType = text.plist.xml; path = Info.plist; sourceTree = "<group>"; };
		28997D371BA7E2BB00DDB7F0 /* _23456543213456432Tests.m */ = {isa = PBXFileReference; lastKnownFileType = sourcecode.c.objc; path = _23456543213456432Tests.m; sourceTree = "<group>"; };
		28997D411BA7E2FA00DDB7F0 /* AlipaySDK.framework */ = {isa = PBXFileReference; lastKnownFileType = wrapper.framework; path = AlipaySDK.framework; sourceTree = "<group>"; };
		28997D431BA7E2FE00DDB7F0 /* AlipaySDK.bundle */ = {isa = PBXFileReference; lastKnownFileType = "wrapper.plug-in"; path = AlipaySDK.bundle; sourceTree = "<group>"; };
		28997D451BA7E39A00DDB7F0 /* libz.dylib */ = {isa = PBXFileReference; lastKnownFileType = "compiled.mach-o.dylib"; name = libz.dylib; path = usr/lib/libz.dylib; sourceTree = SDKROOT; };
		28997D471BA7E3A700DDB7F0 /* SystemConfiguration.framework */ = {isa = PBXFileReference; lastKnownFileType = wrapper.framework; name = SystemConfiguration.framework; path = System/Library/Frameworks/SystemConfiguration.framework; sourceTree = SDKROOT; };
		28997D491BA7E3BB00DDB7F0 /* CoreTelephony.framework */ = {isa = PBXFileReference; lastKnownFileType = wrapper.framework; name = CoreTelephony.framework; path = System/Library/Frameworks/CoreTelephony.framework; sourceTree = SDKROOT; };
		28997D4A1BA7E3BB00DDB7F0 /* CoreText.framework */ = {isa = PBXFileReference; lastKnownFileType = wrapper.framework; name = CoreText.framework; path = System/Library/Frameworks/CoreText.framework; sourceTree = SDKROOT; };
		28997D4D1BA7E3C700DDB7F0 /* QuartzCore.framework */ = {isa = PBXFileReference; lastKnownFileType = wrapper.framework; name = QuartzCore.framework; path = System/Library/Frameworks/QuartzCore.framework; sourceTree = SDKROOT; };
		28997D4F1BA7E3D300DDB7F0 /* CoreGraphics.framework */ = {isa = PBXFileReference; lastKnownFileType = wrapper.framework; name = CoreGraphics.framework; path = System/Library/Frameworks/CoreGraphics.framework; sourceTree = SDKROOT; };
		28997D511BA7E3E300DDB7F0 /* UIKit.framework */ = {isa = PBXFileReference; lastKnownFileType = wrapper.framework; name = UIKit.framework; path = System/Library/Frameworks/UIKit.framework; sourceTree = SDKROOT; };
		28997D531BA7E3EE00DDB7F0 /* Foundation.framework */ = {isa = PBXFileReference; lastKnownFileType = wrapper.framework; name = Foundation.framework; path = System/Library/Frameworks/Foundation.framework; sourceTree = SDKROOT; };
		28997D551BA7E42700DDB7F0 /* Order.h */ = {isa = PBXFileReference; fileEncoding = 4; lastKnownFileType = sourcecode.c.h; path = Order.h; sourceTree = "<group>"; };
		28997D561BA7E42700DDB7F0 /* Order.m */ = {isa = PBXFileReference; fileEncoding = 4; lastKnownFileType = sourcecode.c.objc; path = Order.m; sourceTree = "<group>"; };
		28997D5D1BA7E5B800DDB7F0 /* aes.h */ = {isa = PBXFileReference; fileEncoding = 4; lastKnownFileType = sourcecode.c.h; path = aes.h; sourceTree = "<group>"; };
		28997D5E1BA7E5B800DDB7F0 /* asn1.h */ = {isa = PBXFileReference; fileEncoding = 4; lastKnownFileType = sourcecode.c.h; path = asn1.h; sourceTree = "<group>"; };
		28997D5F1BA7E5B800DDB7F0 /* asn1_mac.h */ = {isa = PBXFileReference; fileEncoding = 4; lastKnownFileType = sourcecode.c.h; path = asn1_mac.h; sourceTree = "<group>"; };
		28997D601BA7E5B800DDB7F0 /* asn1t.h */ = {isa = PBXFileReference; fileEncoding = 4; lastKnownFileType = sourcecode.c.h; path = asn1t.h; sourceTree = "<group>"; };
		28997D611BA7E5B800DDB7F0 /* bio.h */ = {isa = PBXFileReference; fileEncoding = 4; lastKnownFileType = sourcecode.c.h; path = bio.h; sourceTree = "<group>"; };
		28997D621BA7E5B800DDB7F0 /* blowfish.h */ = {isa = PBXFileReference; fileEncoding = 4; lastKnownFileType = sourcecode.c.h; path = blowfish.h; sourceTree = "<group>"; };
		28997D631BA7E5B800DDB7F0 /* bn.h */ = {isa = PBXFileReference; fileEncoding = 4; lastKnownFileType = sourcecode.c.h; path = bn.h; sourceTree = "<group>"; };
		28997D641BA7E5B800DDB7F0 /* buffer.h */ = {isa = PBXFileReference; fileEncoding = 4; lastKnownFileType = sourcecode.c.h; path = buffer.h; sourceTree = "<group>"; };
		28997D651BA7E5B800DDB7F0 /* camellia.h */ = {isa = PBXFileReference; fileEncoding = 4; lastKnownFileType = sourcecode.c.h; path = camellia.h; sourceTree = "<group>"; };
		28997D661BA7E5B800DDB7F0 /* cast.h */ = {isa = PBXFileReference; fileEncoding = 4; lastKnownFileType = sourcecode.c.h; path = cast.h; sourceTree = "<group>"; };
		28997D671BA7E5B800DDB7F0 /* cmac.h */ = {isa = PBXFileReference; fileEncoding = 4; lastKnownFileType = sourcecode.c.h; path = cmac.h; sourceTree = "<group>"; };
		28997D681BA7E5B800DDB7F0 /* cms.h */ = {isa = PBXFileReference; fileEncoding = 4; lastKnownFileType = sourcecode.c.h; path = cms.h; sourceTree = "<group>"; };
		28997D691BA7E5B800DDB7F0 /* comp.h */ = {isa = PBXFileReference; fileEncoding = 4; lastKnownFileType = sourcecode.c.h; path = comp.h; sourceTree = "<group>"; };
		28997D6A1BA7E5B800DDB7F0 /* conf.h */ = {isa = PBXFileReference; fileEncoding = 4; lastKnownFileType = sourcecode.c.h; path = conf.h; sourceTree = "<group>"; };
		28997D6B1BA7E5B800DDB7F0 /* conf_api.h */ = {isa = PBXFileReference; fileEncoding = 4; lastKnownFileType = sourcecode.c.h; path = conf_api.h; sourceTree = "<group>"; };
		28997D6C1BA7E5B800DDB7F0 /* crypto.h */ = {isa = PBXFileReference; fileEncoding = 4; lastKnownFileType = sourcecode.c.h; path = crypto.h; sourceTree = "<group>"; };
		28997D6D1BA7E5B800DDB7F0 /* des.h */ = {isa = PBXFileReference; fileEncoding = 4; lastKnownFileType = sourcecode.c.h; path = des.h; sourceTree = "<group>"; };
		28997D6E1BA7E5B800DDB7F0 /* des_old.h */ = {isa = PBXFileReference; fileEncoding = 4; lastKnownFileType = sourcecode.c.h; path = des_old.h; sourceTree = "<group>"; };
		28997D6F1BA7E5B800DDB7F0 /* dh.h */ = {isa = PBXFileReference; fileEncoding = 4; lastKnownFileType = sourcecode.c.h; path = dh.h; sourceTree = "<group>"; };
		28997D701BA7E5B800DDB7F0 /* dsa.h */ = {isa = PBXFileReference; fileEncoding = 4; lastKnownFileType = sourcecode.c.h; path = dsa.h; sourceTree = "<group>"; };
		28997D711BA7E5B800DDB7F0 /* dso.h */ = {isa = PBXFileReference; fileEncoding = 4; lastKnownFileType = sourcecode.c.h; path = dso.h; sourceTree = "<group>"; };
		28997D721BA7E5B800DDB7F0 /* dtls1.h */ = {isa = PBXFileReference; fileEncoding = 4; lastKnownFileType = sourcecode.c.h; path = dtls1.h; sourceTree = "<group>"; };
		28997D731BA7E5B800DDB7F0 /* e_os2.h */ = {isa = PBXFileReference; fileEncoding = 4; lastKnownFileType = sourcecode.c.h; path = e_os2.h; sourceTree = "<group>"; };
		28997D741BA7E5B800DDB7F0 /* ebcdic.h */ = {isa = PBXFileReference; fileEncoding = 4; lastKnownFileType = sourcecode.c.h; path = ebcdic.h; sourceTree = "<group>"; };
		28997D751BA7E5B800DDB7F0 /* ec.h */ = {isa = PBXFileReference; fileEncoding = 4; lastKnownFileType = sourcecode.c.h; path = ec.h; sourceTree = "<group>"; };
		28997D761BA7E5B800DDB7F0 /* ecdh.h */ = {isa = PBXFileReference; fileEncoding = 4; lastKnownFileType = sourcecode.c.h; path = ecdh.h; sourceTree = "<group>"; };
		28997D771BA7E5B800DDB7F0 /* ecdsa.h */ = {isa = PBXFileReference; fileEncoding = 4; lastKnownFileType = sourcecode.c.h; path = ecdsa.h; sourceTree = "<group>"; };
		28997D781BA7E5B800DDB7F0 /* engine.h */ = {isa = PBXFileReference; fileEncoding = 4; lastKnownFileType = sourcecode.c.h; path = engine.h; sourceTree = "<group>"; };
		28997D791BA7E5B800DDB7F0 /* err.h */ = {isa = PBXFileReference; fileEncoding = 4; lastKnownFileType = sourcecode.c.h; path = err.h; sourceTree = "<group>"; };
		28997D7A1BA7E5B800DDB7F0 /* evp.h */ = {isa = PBXFileReference; fileEncoding = 4; lastKnownFileType = sourcecode.c.h; path = evp.h; sourceTree = "<group>"; };
		28997D7B1BA7E5B800DDB7F0 /* hmac.h */ = {isa = PBXFileReference; fileEncoding = 4; lastKnownFileType = sourcecode.c.h; path = hmac.h; sourceTree = "<group>"; };
		28997D7C1BA7E5B800DDB7F0 /* idea.h */ = {isa = PBXFileReference; fileEncoding = 4; lastKnownFileType = sourcecode.c.h; path = idea.h; sourceTree = "<group>"; };
		28997D7D1BA7E5B800DDB7F0 /* krb5_asn.h */ = {isa = PBXFileReference; fileEncoding = 4; lastKnownFileType = sourcecode.c.h; path = krb5_asn.h; sourceTree = "<group>"; };
		28997D7E1BA7E5B800DDB7F0 /* kssl.h */ = {isa = PBXFileReference; fileEncoding = 4; lastKnownFileType = sourcecode.c.h; path = kssl.h; sourceTree = "<group>"; };
		28997D7F1BA7E5B800DDB7F0 /* lhash.h */ = {isa = PBXFileReference; fileEncoding = 4; lastKnownFileType = sourcecode.c.h; path = lhash.h; sourceTree = "<group>"; };
		28997D801BA7E5B800DDB7F0 /* md4.h */ = {isa = PBXFileReference; fileEncoding = 4; lastKnownFileType = sourcecode.c.h; path = md4.h; sourceTree = "<group>"; };
		28997D811BA7E5B800DDB7F0 /* md5.h */ = {isa = PBXFileReference; fileEncoding = 4; lastKnownFileType = sourcecode.c.h; path = md5.h; sourceTree = "<group>"; };
		28997D821BA7E5B800DDB7F0 /* mdc2.h */ = {isa = PBXFileReference; fileEncoding = 4; lastKnownFileType = sourcecode.c.h; path = mdc2.h; sourceTree = "<group>"; };
		28997D831BA7E5B800DDB7F0 /* modes.h */ = {isa = PBXFileReference; fileEncoding = 4; lastKnownFileType = sourcecode.c.h; path = modes.h; sourceTree = "<group>"; };
		28997D841BA7E5B800DDB7F0 /* obj_mac.h */ = {isa = PBXFileReference; fileEncoding = 4; lastKnownFileType = sourcecode.c.h; path = obj_mac.h; sourceTree = "<group>"; };
		28997D851BA7E5B800DDB7F0 /* objects.h */ = {isa = PBXFileReference; fileEncoding = 4; lastKnownFileType = sourcecode.c.h; path = objects.h; sourceTree = "<group>"; };
		28997D861BA7E5B800DDB7F0 /* ocsp.h */ = {isa = PBXFileReference; fileEncoding = 4; lastKnownFileType = sourcecode.c.h; path = ocsp.h; sourceTree = "<group>"; };
		28997D871BA7E5B800DDB7F0 /* opensslconf.h */ = {isa = PBXFileReference; fileEncoding = 4; lastKnownFileType = sourcecode.c.h; path = opensslconf.h; sourceTree = "<group>"; };
		28997D881BA7E5B800DDB7F0 /* opensslv.h */ = {isa = PBXFileReference; fileEncoding = 4; lastKnownFileType = sourcecode.c.h; path = opensslv.h; sourceTree = "<group>"; };
		28997D891BA7E5B800DDB7F0 /* ossl_typ.h */ = {isa = PBXFileReference; fileEncoding = 4; lastKnownFileType = sourcecode.c.h; path = ossl_typ.h; sourceTree = "<group>"; };
		28997D8A1BA7E5B800DDB7F0 /* pem.h */ = {isa = PBXFileReference; fileEncoding = 4; lastKnownFileType = sourcecode.c.h; path = pem.h; sourceTree = "<group>"; };
		28997D8B1BA7E5B800DDB7F0 /* pem2.h */ = {isa = PBXFileReference; fileEncoding = 4; lastKnownFileType = sourcecode.c.h; path = pem2.h; sourceTree = "<group>"; };
		28997D8C1BA7E5B800DDB7F0 /* pkcs12.h */ = {isa = PBXFileReference; fileEncoding = 4; lastKnownFileType = sourcecode.c.h; path = pkcs12.h; sourceTree = "<group>"; };
		28997D8D1BA7E5B800DDB7F0 /* pkcs7.h */ = {isa = PBXFileReference; fileEncoding = 4; lastKnownFileType = sourcecode.c.h; path = pkcs7.h; sourceTree = "<group>"; };
		28997D8E1BA7E5B800DDB7F0 /* pqueue.h */ = {isa = PBXFileReference; fileEncoding = 4; lastKnownFileType = sourcecode.c.h; path = pqueue.h; sourceTree = "<group>"; };
		28997D8F1BA7E5B800DDB7F0 /* rand.h */ = {isa = PBXFileReference; fileEncoding = 4; lastKnownFileType = sourcecode.c.h; path = rand.h; sourceTree = "<group>"; };
		28997D901BA7E5B800DDB7F0 /* rc2.h */ = {isa = PBXFileReference; fileEncoding = 4; lastKnownFileType = sourcecode.c.h; path = rc2.h; sourceTree = "<group>"; };
		28997D911BA7E5B800DDB7F0 /* rc4.h */ = {isa = PBXFileReference; fileEncoding = 4; lastKnownFileType = sourcecode.c.h; path = rc4.h; sourceTree = "<group>"; };
		28997D921BA7E5B800DDB7F0 /* ripemd.h */ = {isa = PBXFileReference; fileEncoding = 4; lastKnownFileType = sourcecode.c.h; path = ripemd.h; sourceTree = "<group>"; };
		28997D931BA7E5B800DDB7F0 /* rsa.h */ = {isa = PBXFileReference; fileEncoding = 4; lastKnownFileType = sourcecode.c.h; path = rsa.h; sourceTree = "<group>"; };
		28997D941BA7E5B800DDB7F0 /* safestack.h */ = {isa = PBXFileReference; fileEncoding = 4; lastKnownFileType = sourcecode.c.h; path = safestack.h; sourceTree = "<group>"; };
		28997D951BA7E5B800DDB7F0 /* seed.h */ = {isa = PBXFileReference; fileEncoding = 4; lastKnownFileType = sourcecode.c.h; path = seed.h; sourceTree = "<group>"; };
		28997D961BA7E5B800DDB7F0 /* sha.h */ = {isa = PBXFileReference; fileEncoding = 4; lastKnownFileType = sourcecode.c.h; path = sha.h; sourceTree = "<group>"; };
		28997D971BA7E5B800DDB7F0 /* srp.h */ = {isa = PBXFileReference; fileEncoding = 4; lastKnownFileType = sourcecode.c.h; path = srp.h; sourceTree = "<group>"; };
		28997D981BA7E5B800DDB7F0 /* srtp.h */ = {isa = PBXFileReference; fileEncoding = 4; lastKnownFileType = sourcecode.c.h; path = srtp.h; sourceTree = "<group>"; };
		28997D991BA7E5B800DDB7F0 /* ssl.h */ = {isa = PBXFileReference; fileEncoding = 4; lastKnownFileType = sourcecode.c.h; path = ssl.h; sourceTree = "<group>"; };
		28997D9A1BA7E5B800DDB7F0 /* ssl2.h */ = {isa = PBXFileReference; fileEncoding = 4; lastKnownFileType = sourcecode.c.h; path = ssl2.h; sourceTree = "<group>"; };
		28997D9B1BA7E5B800DDB7F0 /* ssl23.h */ = {isa = PBXFileReference; fileEncoding = 4; lastKnownFileType = sourcecode.c.h; path = ssl23.h; sourceTree = "<group>"; };
		28997D9C1BA7E5B800DDB7F0 /* ssl3.h */ = {isa = PBXFileReference; fileEncoding = 4; lastKnownFileType = sourcecode.c.h; path = ssl3.h; sourceTree = "<group>"; };
		28997D9D1BA7E5B800DDB7F0 /* stack.h */ = {isa = PBXFileReference; fileEncoding = 4; lastKnownFileType = sourcecode.c.h; path = stack.h; sourceTree = "<group>"; };
		28997D9E1BA7E5B800DDB7F0 /* symhacks.h */ = {isa = PBXFileReference; fileEncoding = 4; lastKnownFileType = sourcecode.c.h; path = symhacks.h; sourceTree = "<group>"; };
		28997D9F1BA7E5B800DDB7F0 /* tls1.h */ = {isa = PBXFileReference; fileEncoding = 4; lastKnownFileType = sourcecode.c.h; path = tls1.h; sourceTree = "<group>"; };
		28997DA01BA7E5B800DDB7F0 /* ts.h */ = {isa = PBXFileReference; fileEncoding = 4; lastKnownFileType = sourcecode.c.h; path = ts.h; sourceTree = "<group>"; };
		28997DA11BA7E5B800DDB7F0 /* txt_db.h */ = {isa = PBXFileReference; fileEncoding = 4; lastKnownFileType = sourcecode.c.h; path = txt_db.h; sourceTree = "<group>"; };
		28997DA21BA7E5B800DDB7F0 /* ui.h */ = {isa = PBXFileReference; fileEncoding = 4; lastKnownFileType = sourcecode.c.h; path = ui.h; sourceTree = "<group>"; };
		28997DA31BA7E5B800DDB7F0 /* ui_compat.h */ = {isa = PBXFileReference; fileEncoding = 4; lastKnownFileType = sourcecode.c.h; path = ui_compat.h; sourceTree = "<group>"; };
		28997DA41BA7E5B800DDB7F0 /* whrlpool.h */ = {isa = PBXFileReference; fileEncoding = 4; lastKnownFileType = sourcecode.c.h; path = whrlpool.h; sourceTree = "<group>"; };
		28997DA51BA7E5B800DDB7F0 /* x509.h */ = {isa = PBXFileReference; fileEncoding = 4; lastKnownFileType = sourcecode.c.h; path = x509.h; sourceTree = "<group>"; };
		28997DA61BA7E5B800DDB7F0 /* x509_vfy.h */ = {isa = PBXFileReference; fileEncoding = 4; lastKnownFileType = sourcecode.c.h; path = x509_vfy.h; sourceTree = "<group>"; };
		28997DA71BA7E5B800DDB7F0 /* x509v3.h */ = {isa = PBXFileReference; fileEncoding = 4; lastKnownFileType = sourcecode.c.h; path = x509v3.h; sourceTree = "<group>"; };
		28997DA91BA7E5B800DDB7F0 /* base64.h */ = {isa = PBXFileReference; fileEncoding = 4; lastKnownFileType = sourcecode.c.h; path = base64.h; sourceTree = "<group>"; };
		28997DAA1BA7E5B800DDB7F0 /* base64.m */ = {isa = PBXFileReference; fileEncoding = 4; lastKnownFileType = sourcecode.c.objc; path = base64.m; sourceTree = "<group>"; };
		28997DAB1BA7E5B800DDB7F0 /* config.h */ = {isa = PBXFileReference; fileEncoding = 4; lastKnownFileType = sourcecode.c.h; path = config.h; sourceTree = "<group>"; };
		28997DAC1BA7E5B800DDB7F0 /* DataSigner.h */ = {isa = PBXFileReference; fileEncoding = 4; lastKnownFileType = sourcecode.c.h; path = DataSigner.h; sourceTree = "<group>"; };
		28997DAD1BA7E5B800DDB7F0 /* DataSigner.m */ = {isa = PBXFileReference; fileEncoding = 4; lastKnownFileType = sourcecode.c.objc; path = DataSigner.m; sourceTree = "<group>"; };
		28997DAE1BA7E5B800DDB7F0 /* DataVerifier.h */ = {isa = PBXFileReference; fileEncoding = 4; lastKnownFileType = sourcecode.c.h; path = DataVerifier.h; sourceTree = "<group>"; };
		28997DAF1BA7E5B800DDB7F0 /* DataVerifier.m */ = {isa = PBXFileReference; fileEncoding = 4; lastKnownFileType = sourcecode.c.objc; path = DataVerifier.m; sourceTree = "<group>"; };
		28997DB01BA7E5B800DDB7F0 /* MD5DataSigner.h */ = {isa = PBXFileReference; fileEncoding = 4; lastKnownFileType = sourcecode.c.h; path = MD5DataSigner.h; sourceTree = "<group>"; };
		28997DB11BA7E5B800DDB7F0 /* MD5DataSigner.m */ = {isa = PBXFileReference; fileEncoding = 4; lastKnownFileType = sourcecode.c.objc; path = MD5DataSigner.m; sourceTree = "<group>"; };
		28997DB21BA7E5B800DDB7F0 /* NSDataEx.h */ = {isa = PBXFileReference; fileEncoding = 4; lastKnownFileType = sourcecode.c.h; path = NSDataEx.h; sourceTree = "<group>"; };
		28997DB31BA7E5B800DDB7F0 /* NSDataEx.m */ = {isa = PBXFileReference; fileEncoding = 4; lastKnownFileType = sourcecode.c.objc; path = NSDataEx.m; sourceTree = "<group>"; };
		28997DB41BA7E5B800DDB7F0 /* openssl_wrapper.h */ = {isa = PBXFileReference; fileEncoding = 4; lastKnownFileType = sourcecode.c.h; path = openssl_wrapper.h; sourceTree = "<group>"; };
		28997DB51BA7E5B800DDB7F0 /* openssl_wrapper.m */ = {isa = PBXFileReference; fileEncoding = 4; lastKnownFileType = sourcecode.c.objc; path = openssl_wrapper.m; sourceTree = "<group>"; };
		28997DB61BA7E5B800DDB7F0 /* RSADataSigner.h */ = {isa = PBXFileReference; fileEncoding = 4; lastKnownFileType = sourcecode.c.h; path = RSADataSigner.h; sourceTree = "<group>"; };
		28997DB71BA7E5B800DDB7F0 /* RSADataSigner.m */ = {isa = PBXFileReference; fileEncoding = 4; lastKnownFileType = sourcecode.c.objc; path = RSADataSigner.m; sourceTree = "<group>"; };
		28997DB81BA7E5B800DDB7F0 /* RSADataVerifier.h */ = {isa = PBXFileReference; fileEncoding = 4; lastKnownFileType = sourcecode.c.h; path = RSADataVerifier.h; sourceTree = "<group>"; };
		28997DB91BA7E5B800DDB7F0 /* RSADataVerifier.m */ = {isa = PBXFileReference; fileEncoding = 4; lastKnownFileType = sourcecode.c.objc; path = RSADataVerifier.m; sourceTree = "<group>"; };
		4C5EADC81C2CD111004A2FFA /* APAuthV2Info.h */ = {isa = PBXFileReference; fileEncoding = 4; lastKnownFileType = sourcecode.c.h; path = APAuthV2Info.h; sourceTree = "<group>"; };
		4C5EADC91C2CD111004A2FFA /* APAuthV2Info.m */ = {isa = PBXFileReference; fileEncoding = 4; lastKnownFileType = sourcecode.c.objc; path = APAuthV2Info.m; sourceTree = "<group>"; };
		4C5EADCA1C2CD111004A2FFA /* libcrypto.a */ = {isa = PBXFileReference; lastKnownFileType = archive.ar; name = libcrypto.a; path = 123456543213456432/libcrypto.a; sourceTree = "<group>"; };
		4C5EADCB1C2CD111004A2FFA /* libssl.a */ = {isa = PBXFileReference; lastKnownFileType = archive.ar; name = libssl.a; path = 123456543213456432/libssl.a; sourceTree = "<group>"; };
/* End PBXFileReference section */

/* Begin PBXFrameworksBuildPhase section */
		28997D151BA7E2BB00DDB7F0 /* Frameworks */ = {
			isa = PBXFrameworksBuildPhase;
			buildActionMask = 2147483647;
			files = (
				28997D541BA7E3EE00DDB7F0 /* Foundation.framework in Frameworks */,
				28997D521BA7E3E300DDB7F0 /* UIKit.framework in Frameworks */,
				4C5EADCD1C2CD111004A2FFA /* libcrypto.a in Frameworks */,
				28997D501BA7E3D300DDB7F0 /* CoreGraphics.framework in Frameworks */,
				28997D4E1BA7E3C700DDB7F0 /* QuartzCore.framework in Frameworks */,
				28997D4B1BA7E3BB00DDB7F0 /* CoreTelephony.framework in Frameworks */,
				28997D4C1BA7E3BB00DDB7F0 /* CoreText.framework in Frameworks */,
				28997D481BA7E3A700DDB7F0 /* SystemConfiguration.framework in Frameworks */,
				28997D461BA7E39A00DDB7F0 /* libz.dylib in Frameworks */,
				4C5EADCE1C2CD111004A2FFA /* libssl.a in Frameworks */,
				28997D421BA7E2FA00DDB7F0 /* AlipaySDK.framework in Frameworks */,
			);
			runOnlyForDeploymentPostprocessing = 0;
		};
		28997D2E1BA7E2BB00DDB7F0 /* Frameworks */ = {
			isa = PBXFrameworksBuildPhase;
			buildActionMask = 2147483647;
			files = (
			);
			runOnlyForDeploymentPostprocessing = 0;
		};
/* End PBXFrameworksBuildPhase section */

/* Begin PBXGroup section */
		28997D0F1BA7E2BB00DDB7F0 = {
			isa = PBXGroup;
			children = (
				4C5EADCA1C2CD111004A2FFA /* libcrypto.a */,
				4C5EADCB1C2CD111004A2FFA /* libssl.a */,
				28997D531BA7E3EE00DDB7F0 /* Foundation.framework */,
				28997D511BA7E3E300DDB7F0 /* UIKit.framework */,
				28997D4F1BA7E3D300DDB7F0 /* CoreGraphics.framework */,
				28997D4D1BA7E3C700DDB7F0 /* QuartzCore.framework */,
				28997D491BA7E3BB00DDB7F0 /* CoreTelephony.framework */,
				28997D4A1BA7E3BB00DDB7F0 /* CoreText.framework */,
				28997D471BA7E3A700DDB7F0 /* SystemConfiguration.framework */,
				28997D451BA7E39A00DDB7F0 /* libz.dylib */,
				28997D1A1BA7E2BB00DDB7F0 /* 123456543213456432 */,
				28997D341BA7E2BB00DDB7F0 /* 123456543213456432Tests */,
				28997D191BA7E2BB00DDB7F0 /* Products */,
			);
			sourceTree = "<group>";
		};
		28997D191BA7E2BB00DDB7F0 /* Products */ = {
			isa = PBXGroup;
			children = (
				28997D181BA7E2BB00DDB7F0 /* 123456543213456432.app */,
				28997D311BA7E2BB00DDB7F0 /* 123456543213456432Tests.xctest */,
			);
			name = Products;
			sourceTree = "<group>";
		};
		28997D1A1BA7E2BB00DDB7F0 /* 123456543213456432 */ = {
			isa = PBXGroup;
			children = (
				28997D431BA7E2FE00DDB7F0 /* AlipaySDK.bundle */,
				28997D411BA7E2FA00DDB7F0 /* AlipaySDK.framework */,
				28997D5C1BA7E5B800DDB7F0 /* openssl */,
				28997D1F1BA7E2BB00DDB7F0 /* AppDelegate.h */,
				28997D201BA7E2BB00DDB7F0 /* AppDelegate.m */,
				28997D221BA7E2BB00DDB7F0 /* ViewController.h */,
				28997D231BA7E2BB00DDB7F0 /* ViewController.m */,
				4C5EADC81C2CD111004A2FFA /* APAuthV2Info.h */,
				4C5EADC91C2CD111004A2FFA /* APAuthV2Info.m */,
				28997D551BA7E42700DDB7F0 /* Order.h */,
				28997D561BA7E42700DDB7F0 /* Order.m */,
				28997D251BA7E2BB00DDB7F0 /* Main.storyboard */,
				28997D281BA7E2BB00DDB7F0 /* Images.xcassets */,
				28997D2A1BA7E2BB00DDB7F0 /* LaunchScreen.xib */,
				28997D1B1BA7E2BB00DDB7F0 /* Supporting Files */,
			);
			path = 123456543213456432;
			sourceTree = "<group>";
		};
		28997D1B1BA7E2BB00DDB7F0 /* Supporting Files */ = {
			isa = PBXGroup;
			children = (
				28997D1C1BA7E2BB00DDB7F0 /* Info.plist */,
				28997D1D1BA7E2BB00DDB7F0 /* main.m */,
			);
			name = "Supporting Files";
			sourceTree = "<group>";
		};
		28997D341BA7E2BB00DDB7F0 /* 123456543213456432Tests */ = {
			isa = PBXGroup;
			children = (
				28997D371BA7E2BB00DDB7F0 /* _23456543213456432Tests.m */,
				28997D351BA7E2BB00DDB7F0 /* Supporting Files */,
			);
			path = 123456543213456432Tests;
			sourceTree = "<group>";
		};
		28997D351BA7E2BB00DDB7F0 /* Supporting Files */ = {
			isa = PBXGroup;
			children = (
				28997D361BA7E2BB00DDB7F0 /* Info.plist */,
			);
			name = "Supporting Files";
			sourceTree = "<group>";
		};
		28997D5C1BA7E5B800DDB7F0 /* openssl */ = {
			isa = PBXGroup;
			children = (
				28997DA81BA7E5B800DDB7F0 /* Util */,
				28997D5D1BA7E5B800DDB7F0 /* aes.h */,
				28997D5E1BA7E5B800DDB7F0 /* asn1.h */,
				28997D5F1BA7E5B800DDB7F0 /* asn1_mac.h */,
				28997D601BA7E5B800DDB7F0 /* asn1t.h */,
				28997D611BA7E5B800DDB7F0 /* bio.h */,
				28997D621BA7E5B800DDB7F0 /* blowfish.h */,
				28997D631BA7E5B800DDB7F0 /* bn.h */,
				28997D641BA7E5B800DDB7F0 /* buffer.h */,
				28997D651BA7E5B800DDB7F0 /* camellia.h */,
				28997D661BA7E5B800DDB7F0 /* cast.h */,
				28997D671BA7E5B800DDB7F0 /* cmac.h */,
				28997D681BA7E5B800DDB7F0 /* cms.h */,
				28997D691BA7E5B800DDB7F0 /* comp.h */,
				28997D6A1BA7E5B800DDB7F0 /* conf.h */,
				28997D6B1BA7E5B800DDB7F0 /* conf_api.h */,
				28997D6C1BA7E5B800DDB7F0 /* crypto.h */,
				28997D6D1BA7E5B800DDB7F0 /* des.h */,
				28997D6E1BA7E5B800DDB7F0 /* des_old.h */,
				28997D6F1BA7E5B800DDB7F0 /* dh.h */,
				28997D701BA7E5B800DDB7F0 /* dsa.h */,
				28997D711BA7E5B800DDB7F0 /* dso.h */,
				28997D721BA7E5B800DDB7F0 /* dtls1.h */,
				28997D731BA7E5B800DDB7F0 /* e_os2.h */,
				28997D741BA7E5B800DDB7F0 /* ebcdic.h */,
				28997D751BA7E5B800DDB7F0 /* ec.h */,
				28997D761BA7E5B800DDB7F0 /* ecdh.h */,
				28997D771BA7E5B800DDB7F0 /* ecdsa.h */,
				28997D781BA7E5B800DDB7F0 /* engine.h */,
				28997D791BA7E5B800DDB7F0 /* err.h */,
				28997D7A1BA7E5B800DDB7F0 /* evp.h */,
				28997D7B1BA7E5B800DDB7F0 /* hmac.h */,
				28997D7C1BA7E5B800DDB7F0 /* idea.h */,
				28997D7D1BA7E5B800DDB7F0 /* krb5_asn.h */,
				28997D7E1BA7E5B800DDB7F0 /* kssl.h */,
				28997D7F1BA7E5B800DDB7F0 /* lhash.h */,
				28997D801BA7E5B800DDB7F0 /* md4.h */,
				28997D811BA7E5B800DDB7F0 /* md5.h */,
				28997D821BA7E5B800DDB7F0 /* mdc2.h */,
				28997D831BA7E5B800DDB7F0 /* modes.h */,
				28997D841BA7E5B800DDB7F0 /* obj_mac.h */,
				28997D851BA7E5B800DDB7F0 /* objects.h */,
				28997D861BA7E5B800DDB7F0 /* ocsp.h */,
				28997D871BA7E5B800DDB7F0 /* opensslconf.h */,
				28997D881BA7E5B800DDB7F0 /* opensslv.h */,
				28997D891BA7E5B800DDB7F0 /* ossl_typ.h */,
				28997D8A1BA7E5B800DDB7F0 /* pem.h */,
				28997D8B1BA7E5B800DDB7F0 /* pem2.h */,
				28997D8C1BA7E5B800DDB7F0 /* pkcs12.h */,
				28997D8D1BA7E5B800DDB7F0 /* pkcs7.h */,
				28997D8E1BA7E5B800DDB7F0 /* pqueue.h */,
				28997D8F1BA7E5B800DDB7F0 /* rand.h */,
				28997D901BA7E5B800DDB7F0 /* rc2.h */,
				28997D911BA7E5B800DDB7F0 /* rc4.h */,
				28997D921BA7E5B800DDB7F0 /* ripemd.h */,
				28997D931BA7E5B800DDB7F0 /* rsa.h */,
				28997D941BA7E5B800DDB7F0 /* safestack.h */,
				28997D951BA7E5B800DDB7F0 /* seed.h */,
				28997D961BA7E5B800DDB7F0 /* sha.h */,
				28997D971BA7E5B800DDB7F0 /* srp.h */,
				28997D981BA7E5B800DDB7F0 /* srtp.h */,
				28997D991BA7E5B800DDB7F0 /* ssl.h */,
				28997D9A1BA7E5B800DDB7F0 /* ssl2.h */,
				28997D9B1BA7E5B800DDB7F0 /* ssl23.h */,
				28997D9C1BA7E5B800DDB7F0 /* ssl3.h */,
				28997D9D1BA7E5B800DDB7F0 /* stack.h */,
				28997D9E1BA7E5B800DDB7F0 /* symhacks.h */,
				28997D9F1BA7E5B800DDB7F0 /* tls1.h */,
				28997DA01BA7E5B800DDB7F0 /* ts.h */,
				28997DA11BA7E5B800DDB7F0 /* txt_db.h */,
				28997DA21BA7E5B800DDB7F0 /* ui.h */,
				28997DA31BA7E5B800DDB7F0 /* ui_compat.h */,
				28997DA41BA7E5B800DDB7F0 /* whrlpool.h */,
				28997DA51BA7E5B800DDB7F0 /* x509.h */,
				28997DA61BA7E5B800DDB7F0 /* x509_vfy.h */,
				28997DA71BA7E5B800DDB7F0 /* x509v3.h */,
			);
			path = openssl;
			sourceTree = "<group>";
		};
		28997DA81BA7E5B800DDB7F0 /* Util */ = {
			isa = PBXGroup;
			children = (
				28997DA91BA7E5B800DDB7F0 /* base64.h */,
				28997DAA1BA7E5B800DDB7F0 /* base64.m */,
				28997DAB1BA7E5B800DDB7F0 /* config.h */,
				28997DAC1BA7E5B800DDB7F0 /* DataSigner.h */,
				28997DAD1BA7E5B800DDB7F0 /* DataSigner.m */,
				28997DAE1BA7E5B800DDB7F0 /* DataVerifier.h */,
				28997DAF1BA7E5B800DDB7F0 /* DataVerifier.m */,
				28997DB01BA7E5B800DDB7F0 /* MD5DataSigner.h */,
				28997DB11BA7E5B800DDB7F0 /* MD5DataSigner.m */,
				28997DB21BA7E5B800DDB7F0 /* NSDataEx.h */,
				28997DB31BA7E5B800DDB7F0 /* NSDataEx.m */,
				28997DB41BA7E5B800DDB7F0 /* openssl_wrapper.h */,
				28997DB51BA7E5B800DDB7F0 /* openssl_wrapper.m */,
				28997DB61BA7E5B800DDB7F0 /* RSADataSigner.h */,
				28997DB71BA7E5B800DDB7F0 /* RSADataSigner.m */,
				28997DB81BA7E5B800DDB7F0 /* RSADataVerifier.h */,
				28997DB91BA7E5B800DDB7F0 /* RSADataVerifier.m */,
			);
			name = Util;
			path = ../Util;
			sourceTree = "<group>";
		};
/* End PBXGroup section */

/* Begin PBXNativeTarget section */
		28997D171BA7E2BB00DDB7F0 /* 123456543213456432 */ = {
			isa = PBXNativeTarget;
			buildConfigurationList = 28997D3B1BA7E2BB00DDB7F0 /* Build configuration list for PBXNativeTarget "123456543213456432" */;
			buildPhases = (
				28997D141BA7E2BB00DDB7F0 /* Sources */,
				28997D151BA7E2BB00DDB7F0 /* Frameworks */,
				28997D161BA7E2BB00DDB7F0 /* Resources */,
			);
			buildRules = (
			);
			dependencies = (
			);
			name = 123456543213456432;
			productName = 123456543213456432;
			productReference = 28997D181BA7E2BB00DDB7F0 /* 123456543213456432.app */;
			productType = "com.apple.product-type.application";
		};
		28997D301BA7E2BB00DDB7F0 /* 123456543213456432Tests */ = {
			isa = PBXNativeTarget;
			buildConfigurationList = 28997D3E1BA7E2BB00DDB7F0 /* Build configuration list for PBXNativeTarget "123456543213456432Tests" */;
			buildPhases = (
				28997D2D1BA7E2BB00DDB7F0 /* Sources */,
				28997D2E1BA7E2BB00DDB7F0 /* Frameworks */,
				28997D2F1BA7E2BB00DDB7F0 /* Resources */,
			);
			buildRules = (
			);
			dependencies = (
				28997D331BA7E2BB00DDB7F0 /* PBXTargetDependency */,
			);
			name = 123456543213456432Tests;
			productName = 123456543213456432Tests;
			productReference = 28997D311BA7E2BB00DDB7F0 /* 123456543213456432Tests.xctest */;
			productType = "com.apple.product-type.bundle.unit-test";
		};
/* End PBXNativeTarget section */

/* Begin PBXProject section */
		28997D101BA7E2BB00DDB7F0 /* Project object */ = {
			isa = PBXProject;
			attributes = {
				LastUpgradeCheck = 0640;
				ORGANIZATIONNAME = "康世标";
				TargetAttributes = {
					28997D171BA7E2BB00DDB7F0 = {
						CreatedOnToolsVersion = 6.4;
						DevelopmentTeam = R83SRH64FX;
					};
					28997D301BA7E2BB00DDB7F0 = {
						CreatedOnToolsVersion = 6.4;
						TestTargetID = 28997D171BA7E2BB00DDB7F0;
					};
				};
			};
			buildConfigurationList = 28997D131BA7E2BB00DDB7F0 /* Build configuration list for PBXProject "123456543213456432" */;
			compatibilityVersion = "Xcode 3.2";
			developmentRegion = English;
			hasScannedForEncodings = 0;
			knownRegions = (
				en,
				Base,
			);
			mainGroup = 28997D0F1BA7E2BB00DDB7F0;
			productRefGroup = 28997D191BA7E2BB00DDB7F0 /* Products */;
			projectDirPath = "";
			projectRoot = "";
			targets = (
				28997D171BA7E2BB00DDB7F0 /* 123456543213456432 */,
				28997D301BA7E2BB00DDB7F0 /* 123456543213456432Tests */,
			);
		};
/* End PBXProject section */

/* Begin PBXResourcesBuildPhase section */
		28997D161BA7E2BB00DDB7F0 /* Resources */ = {
			isa = PBXResourcesBuildPhase;
			buildActionMask = 2147483647;
			files = (
				28997D271BA7E2BB00DDB7F0 /* Main.storyboard in Resources */,
				28997D2C1BA7E2BB00DDB7F0 /* LaunchScreen.xib in Resources */,
				28997D441BA7E2FE00DDB7F0 /* AlipaySDK.bundle in Resources */,
				28997D291BA7E2BB00DDB7F0 /* Images.xcassets in Resources */,
			);
			runOnlyForDeploymentPostprocessing = 0;
		};
		28997D2F1BA7E2BB00DDB7F0 /* Resources */ = {
			isa = PBXResourcesBuildPhase;
			buildActionMask = 2147483647;
			files = (
			);
			runOnlyForDeploymentPostprocessing = 0;
		};
/* End PBXResourcesBuildPhase section */

/* Begin PBXSourcesBuildPhase section */
		28997D141BA7E2BB00DDB7F0 /* Sources */ = {
			isa = PBXSourcesBuildPhase;
			buildActionMask = 2147483647;
			files = (
				28997DBA1BA7E5B800DDB7F0 /* base64.m in Sources */,
				28997D241BA7E2BB00DDB7F0 /* ViewController.m in Sources */,
				28997DBE1BA7E5B800DDB7F0 /* NSDataEx.m in Sources */,
				28997DBD1BA7E5B800DDB7F0 /* MD5DataSigner.m in Sources */,
				28997DC11BA7E5B800DDB7F0 /* RSADataVerifier.m in Sources */,
				28997D211BA7E2BB00DDB7F0 /* AppDelegate.m in Sources */,
				28997DBB1BA7E5B800DDB7F0 /* DataSigner.m in Sources */,
				4C5EADCC1C2CD111004A2FFA /* APAuthV2Info.m in Sources */,
				28997DC01BA7E5B800DDB7F0 /* RSADataSigner.m in Sources */,
				28997DBF1BA7E5B800DDB7F0 /* openssl_wrapper.m in Sources */,
				28997D571BA7E42700DDB7F0 /* Order.m in Sources */,
				28997D1E1BA7E2BB00DDB7F0 /* main.m in Sources */,
				28997DBC1BA7E5B800DDB7F0 /* DataVerifier.m in Sources */,
			);
			runOnlyForDeploymentPostprocessing = 0;
		};
		28997D2D1BA7E2BB00DDB7F0 /* Sources */ = {
			isa = PBXSourcesBuildPhase;
			buildActionMask = 2147483647;
			files = (
				28997D381BA7E2BB00DDB7F0 /* _23456543213456432Tests.m in Sources */,
			);
			runOnlyForDeploymentPostprocessing = 0;
		};
/* End PBXSourcesBuildPhase section */

/* Begin PBXTargetDependency section */
		28997D331BA7E2BB00DDB7F0 /* PBXTargetDependency */ = {
			isa = PBXTargetDependency;
			target = 28997D171BA7E2BB00DDB7F0 /* 123456543213456432 */;
			targetProxy = 28997D321BA7E2BB00DDB7F0 /* PBXContainerItemProxy */;
		};
/* End PBXTargetDependency section */

/* Begin PBXVariantGroup section */
		28997D251BA7E2BB00DDB7F0 /* Main.storyboard */ = {
			isa = PBXVariantGroup;
			children = (
				28997D261BA7E2BB00DDB7F0 /* Base */,
			);
			name = Main.storyboard;
			sourceTree = "<group>";
		};
		28997D2A1BA7E2BB00DDB7F0 /* LaunchScreen.xib */ = {
			isa = PBXVariantGroup;
			children = (
				28997D2B1BA7E2BB00DDB7F0 /* Base */,
			);
			name = LaunchScreen.xib;
			sourceTree = "<group>";
		};
/* End PBXVariantGroup section */

/* Begin XCBuildConfiguration section */
		28997D391BA7E2BB00DDB7F0 /* Debug */ = {
			isa = XCBuildConfiguration;
			buildSettings = {
				ALWAYS_SEARCH_USER_PATHS = NO;
				CLANG_CXX_LANGUAGE_STANDARD = "gnu++0x";
				CLANG_CXX_LIBRARY = "libc++";
				CLANG_ENABLE_MODULES = YES;
				CLANG_ENABLE_OBJC_ARC = YES;
				CLANG_WARN_BOOL_CONVERSION = YES;
				CLANG_WARN_CONSTANT_CONVERSION = YES;
				CLANG_WARN_DIRECT_OBJC_ISA_USAGE = YES_ERROR;
				CLANG_WARN_EMPTY_BODY = YES;
				CLANG_WARN_ENUM_CONVERSION = YES;
				CLANG_WARN_INT_CONVERSION = YES;
				CLANG_WARN_OBJC_ROOT_CLASS = YES_ERROR;
				CLANG_WARN_UNREACHABLE_CODE = YES;
				CLANG_WARN__DUPLICATE_METHOD_MATCH = YES;
				"CODE_SIGN_IDENTITY[sdk=iphoneos*]" = "iPhone Developer";
				COPY_PHASE_STRIP = NO;
				DEBUG_INFORMATION_FORMAT = "dwarf-with-dsym";
				ENABLE_STRICT_OBJC_MSGSEND = YES;
				GCC_C_LANGUAGE_STANDARD = gnu99;
				GCC_DYNAMIC_NO_PIC = NO;
				GCC_NO_COMMON_BLOCKS = YES;
				GCC_OPTIMIZATION_LEVEL = 0;
				GCC_PREPROCESSOR_DEFINITIONS = (
					"DEBUG=1",
					"$(inherited)",
				);
				GCC_SYMBOLS_PRIVATE_EXTERN = NO;
				GCC_WARN_64_TO_32_BIT_CONVERSION = YES;
				GCC_WARN_ABOUT_RETURN_TYPE = YES_ERROR;
				GCC_WARN_UNDECLARED_SELECTOR = YES;
				GCC_WARN_UNINITIALIZED_AUTOS = YES_AGGRESSIVE;
				GCC_WARN_UNUSED_FUNCTION = YES;
				GCC_WARN_UNUSED_VARIABLE = YES;
				IPHONEOS_DEPLOYMENT_TARGET = 8.4;
				MTL_ENABLE_DEBUG_INFO = YES;
				ONLY_ACTIVE_ARCH = YES;
				SDKROOT = iphoneos;
				TARGETED_DEVICE_FAMILY = "1,2";
			};
			name = Debug;
		};
		28997D3A1BA7E2BB00DDB7F0 /* Release */ = {
			isa = XCBuildConfiguration;
			buildSettings = {
				ALWAYS_SEARCH_USER_PATHS = NO;
				CLANG_CXX_LANGUAGE_STANDARD = "gnu++0x";
				CLANG_CXX_LIBRARY = "libc++";
				CLANG_ENABLE_MODULES = YES;
				CLANG_ENABLE_OBJC_ARC = YES;
				CLANG_WARN_BOOL_CONVERSION = YES;
				CLANG_WARN_CONSTANT_CONVERSION = YES;
				CLANG_WARN_DIRECT_OBJC_ISA_USAGE = YES_ERROR;
				CLANG_WARN_EMPTY_BODY = YES;
				CLANG_WARN_ENUM_CONVERSION = YES;
				CLANG_WARN_INT_CONVERSION = YES;
				CLANG_WARN_OBJC_ROOT_CLASS = YES_ERROR;
				CLANG_WARN_UNREACHABLE_CODE = YES;
				CLANG_WARN__DUPLICATE_METHOD_MATCH = YES;
				"CODE_SIGN_IDENTITY[sdk=iphoneos*]" = "iPhone Developer";
				COPY_PHASE_STRIP = NO;
				DEBUG_INFORMATION_FORMAT = "dwarf-with-dsym";
				ENABLE_NS_ASSERTIONS = NO;
				ENABLE_STRICT_OBJC_MSGSEND = YES;
				GCC_C_LANGUAGE_STANDARD = gnu99;
				GCC_NO_COMMON_BLOCKS = YES;
				GCC_WARN_64_TO_32_BIT_CONVERSION = YES;
				GCC_WARN_ABOUT_RETURN_TYPE = YES_ERROR;
				GCC_WARN_UNDECLARED_SELECTOR = YES;
				GCC_WARN_UNINITIALIZED_AUTOS = YES_AGGRESSIVE;
				GCC_WARN_UNUSED_FUNCTION = YES;
				GCC_WARN_UNUSED_VARIABLE = YES;
				IPHONEOS_DEPLOYMENT_TARGET = 8.4;
				MTL_ENABLE_DEBUG_INFO = NO;
				SDKROOT = iphoneos;
				TARGETED_DEVICE_FAMILY = "1,2";
				VALIDATE_PRODUCT = YES;
			};
			name = Release;
		};
		28997D3C1BA7E2BB00DDB7F0 /* Debug */ = {
			isa = XCBuildConfiguration;
			buildSettings = {
				ASSETCATALOG_COMPILER_APPICON_NAME = AppIcon;
				CODE_SIGN_IDENTITY = "iPhone Developer";
				ENABLE_BITCODE = NO;
				FRAMEWORK_SEARCH_PATHS = (
					"$(inherited)",
					"$(PROJECT_DIR)/123456543213456432",
				);
				HEADER_SEARCH_PATHS = (
					"$(inherited)",
					"$(SRCROOT)/123456543213456432",
				);
				INFOPLIST_FILE = 123456543213456432/Info.plist;
				IPHONEOS_DEPLOYMENT_TARGET = 8.0;
				LD_RUNPATH_SEARCH_PATHS = "$(inherited) @executable_path/Frameworks";
				LIBRARY_SEARCH_PATHS = (
					"$(inherited)",
					"$(PROJECT_DIR)",
					"$(PROJECT_DIR)/123456543213456432",
				);
				PRODUCT_BUNDLE_IDENTIFIER = com.asl.1111;
				PRODUCT_NAME = "$(TARGET_NAME)";
			};
			name = Debug;
		};
		28997D3D1BA7E2BB00DDB7F0 /* Release */ = {
			isa = XCBuildConfiguration;
			buildSettings = {
				ASSETCATALOG_COMPILER_APPICON_NAME = AppIcon;
				CODE_SIGN_IDENTITY = "iPhone Developer";
				ENABLE_BITCODE = NO;
				FRAMEWORK_SEARCH_PATHS = (
					"$(inherited)",
					"$(PROJECT_DIR)/123456543213456432",
				);
				HEADER_SEARCH_PATHS = (
					"$(inherited)",
					"$(SRCROOT)/123456543213456432",
				);
				INFOPLIST_FILE = 123456543213456432/Info.plist;
				IPHONEOS_DEPLOYMENT_TARGET = 8.0;
				LD_RUNPATH_SEARCH_PATHS = "$(inherited) @executable_path/Frameworks";
				LIBRARY_SEARCH_PATHS = (
					"$(inherited)",
					"$(PROJECT_DIR)",
					"$(PROJECT_DIR)/123456543213456432",
				);
				PRODUCT_BUNDLE_IDENTIFIER = com.asl.1111;
				PRODUCT_NAME = "$(TARGET_NAME)";
			};
			name = Release;
		};
		28997D3F1BA7E2BB00DDB7F0 /* Debug */ = {
			isa = XCBuildConfiguration;
			buildSettings = {
				BUNDLE_LOADER = "$(TEST_HOST)";
				FRAMEWORK_SEARCH_PATHS = (
					"$(SDKROOT)/Developer/Library/Frameworks",
					"$(inherited)",
				);
				GCC_PREPROCESSOR_DEFINITIONS = (
					"DEBUG=1",
					"$(inherited)",
				);
				INFOPLIST_FILE = 123456543213456432Tests/Info.plist;
				LD_RUNPATH_SEARCH_PATHS = "$(inherited) @executable_path/Frameworks @loader_path/Frameworks";
				PRODUCT_NAME = "$(TARGET_NAME)";
				TEST_HOST = "$(BUILT_PRODUCTS_DIR)/123456543213456432.app/123456543213456432";
			};
			name = Debug;
		};
		28997D401BA7E2BB00DDB7F0 /* Release */ = {
			isa = XCBuildConfiguration;
			buildSettings = {
				BUNDLE_LOADER = "$(TEST_HOST)";
				FRAMEWORK_SEARCH_PATHS = (
					"$(SDKROOT)/Developer/Library/Frameworks",
					"$(inherited)",
				);
				INFOPLIST_FILE = 123456543213456432Tests/Info.plist;
				LD_RUNPATH_SEARCH_PATHS = "$(inherited) @executable_path/Frameworks @loader_path/Frameworks";
				PRODUCT_NAME = "$(TARGET_NAME)";
				TEST_HOST = "$(BUILT_PRODUCTS_DIR)/123456543213456432.app/123456543213456432";
			};
			name = Release;
		};
/* End XCBuildConfiguration section */

/* Begin XCConfigurationList section */
		28997D131BA7E2BB00DDB7F0 /* Build configuration list for PBXProject "123456543213456432" */ = {
			isa = XCConfigurationList;
			buildConfigurations = (
				28997D391BA7E2BB00DDB7F0 /* Debug */,
				28997D3A1BA7E2BB00DDB7F0 /* Release */,
			);
			defaultConfigurationIsVisible = 0;
			defaultConfigurationName = Release;
		};
		28997D3B1BA7E2BB00DDB7F0 /* Build configuration list for PBXNativeTarget "123456543213456432" */ = {
			isa = XCConfigurationList;
			buildConfigurations = (
				28997D3C1BA7E2BB00DDB7F0 /* Debug */,
				28997D3D1BA7E2BB00DDB7F0 /* Release */,
			);
			defaultConfigurationIsVisible = 0;
			defaultConfigurationName = Release;
		};
		28997D3E1BA7E2BB00DDB7F0 /* Build configuration list for PBXNativeTarget "123456543213456432Tests" */ = {
			isa = XCConfigurationList;
			buildConfigurations = (
				28997D3F1BA7E2BB00DDB7F0 /* Debug */,
				28997D401BA7E2BB00DDB7F0 /* Release */,
			);
			defaultConfigurationIsVisible = 0;
			defaultConfigurationName = Release;
		};
/* End XCConfigurationList section */
	};
	rootObject = 28997D101BA7E2BB00DDB7F0 /* Project object */;
}
